
Microsoft Visual Studio Solution File, Format Version 12.00
# Visual Studio 15
VisualStudioVersion = 15.0.27428.2005
MinimumVisualStudioVersion = 10.0.40219.1
Project("{888888A0-9F3D-457C-B088-3A5042F75D52}") = "main", "DjangoWebProject4\main.pyproj", "{A30CB984-C95F-49B2-BC41-AD16660D0EB7}"
EndProject
Global
	GlobalSection(SolutionConfigurationPlatforms) = preSolution
		Debug|Any CPU = Debug|Any CPU
		Release|Any CPU = Release|Any CPU
	EndGlobalSection
	GlobalSection(ProjectConfigurationPlatforms) = postSolution
		{A30CB984-C95F-49B2-BC41-AD16660D0EB7}.Debug|Any CPU.ActiveCfg = Debug|Any CPU
		{A30CB984-C95F-49B2-BC41-AD16660D0EB7}.Debug|Any CPU.Build.0 = Debug|Any CPU
		{A30CB984-C95F-49B2-BC41-AD16660D0EB7}.Release|Any CPU.ActiveCfg = Release|Any CPU
		{A30CB984-C95F-49B2-BC41-AD16660D0EB7}.Release|Any CPU.Build.0 = Release|Any CPU
	EndGlobalSection
	GlobalSection(SolutionProperties) = preSolution
		HideSolutionNode = FALSE
	EndGlobalSection
	GlobalSection(ExtensibilityGlobals) = postSolution
		SolutionGuid = {83BB84DE-3337-48BB-8139-7CD09487ECAB}
	EndGlobalSection
EndGlobal
